// !$*UTF8*$!
{
	archiveVersion = 1;
	classes = {
	};
	objectVersion = 55;
	objects = {

/* Begin PBXBuildFile section */
		7BAB9B292777894C00A71ED7 /* AppDelegate.swift in Sources */ = {isa = PBXBuildFile; fileRef = 7BAB9B282777894C00A71ED7 /* AppDelegate.swift */; };
		7BAB9B2B2777894C00A71ED7 /* SceneDelegate.swift in Sources */ = {isa = PBXBuildFile; fileRef = 7BAB9B2A2777894C00A71ED7 /* SceneDelegate.swift */; };
		7BAB9B2D2777894C00A71ED7 /* ViewController.swift in Sources */ = {isa = PBXBuildFile; fileRef = 7BAB9B2C2777894C00A71ED7 /* ViewController.swift */; };
		7BAB9B302777894C00A71ED7 /* Main.storyboard in Resources */ = {isa = PBXBuildFile; fileRef = 7BAB9B2E2777894C00A71ED7 /* Main.storyboard */; };
		7BAB9B322777895300A71ED7 /* Assets.xcassets in Resources */ = {isa = PBXBuildFile; fileRef = 7BAB9B312777895300A71ED7 /* Assets.xcassets */; };
		7BAB9B352777895300A71ED7 /* LaunchScreen.storyboard in Resources */ = {isa = PBXBuildFile; fileRef = 7BAB9B332777895300A71ED7 /* LaunchScreen.storyboard */; };
		7BAB9B4227778CF700A71ED7 /* BubbleSort.swift in Sources */ = {isa = PBXBuildFile; fileRef = 7BAB9B4127778CF700A71ED7 /* BubbleSort.swift */; };
		7BAB9B442777B6E900A71ED7 /* InsertionSort.swift in Sources */ = {isa = PBXBuildFile; fileRef = 7BAB9B432777B6E900A71ED7 /* InsertionSort.swift */; };
		7BAB9B462777B84E00A71ED7 /* SelectionSort.swift in Sources */ = {isa = PBXBuildFile; fileRef = 7BAB9B452777B84E00A71ED7 /* SelectionSort.swift */; };
		7BAB9B482777BA5C00A71ED7 /* MergeSort.swift in Sources */ = {isa = PBXBuildFile; fileRef = 7BAB9B472777BA5C00A71ED7 /* MergeSort.swift */; };
		7BAB9B4A2777BEC900A71ED7 /* ShakerSort.swift in Sources */ = {isa = PBXBuildFile; fileRef = 7BAB9B492777BEC900A71ED7 /* ShakerSort.swift */; };
		7BAB9B4C2777C50100A71ED7 /* QuickSort.swift in Sources */ = {isa = PBXBuildFile; fileRef = 7BAB9B4B2777C50100A71ED7 /* QuickSort.swift */; };
/* End PBXBuildFile section */

/* Begin PBXFileReference section */
		7BAB9B252777894C00A71ED7 /* SortingAlgorithms.app */ = {isa = PBXFileReference; explicitFileType = wrapper.application; includeInIndex = 0; path = SortingAlgorithms.app; sourceTree = BUILT_PRODUCTS_DIR; };
		7BAB9B282777894C00A71ED7 /* AppDelegate.swift */ = {isa = PBXFileReference; lastKnownFileType = sourcecode.swift; path = AppDelegate.swift; sourceTree = "<group>"; };
		7BAB9B2A2777894C00A71ED7 /* SceneDelegate.swift */ = {isa = PBXFileReference; lastKnownFileType = sourcecode.swift; path = SceneDelegate.swift; sourceTree = "<group>"; };
		7BAB9B2C2777894C00A71ED7 /* ViewController.swift */ = {isa = PBXFileReference; lastKnownFileType = sourcecode.swift; path = ViewController.swift; sourceTree = "<group>"; };
		7BAB9B2F2777894C00A71ED7 /* Base */ = {isa = PBXFileReference; lastKnownFileType = file.storyboard; name = Base; path = Base.lproj/Main.storyboard; sourceTree = "<group>"; };
		7BAB9B312777895300A71ED7 /* Assets.xcassets */ = {isa = PBXFileReference; lastKnownFileType = folder.assetcatalog; path = Assets.xcassets; sourceTree = "<group>"; };
		7BAB9B342777895300A71ED7 /* Base */ = {isa = PBXFileReference; lastKnownFileType = file.storyboard; name = Base; path = Base.lproj/LaunchScreen.storyboard; sourceTree = "<group>"; };
		7BAB9B362777895300A71ED7 /* Info.plist */ = {isa = PBXFileReference; lastKnownFileType = text.plist.xml; path = Info.plist; sourceTree = "<group>"; };
		7BAB9B4127778CF700A71ED7 /* BubbleSort.swift */ = {isa = PBXFileReference; lastKnownFileType = sourcecode.swift; path = BubbleSort.swift; sourceTree = "<group>"; };
		7BAB9B432777B6E900A71ED7 /* InsertionSort.swift */ = {isa = PBXFileReference; lastKnownFileType = sourcecode.swift; path = InsertionSort.swift; sourceTree = "<group>"; };
		7BAB9B452777B84E00A71ED7 /* SelectionSort.swift */ = {isa = PBXFileReference; lastKnownFileType = sourcecode.swift; path = SelectionSort.swift; sourceTree = "<group>"; };
		7BAB9B472777BA5C00A71ED7 /* MergeSort.swift */ = {isa = PBXFileReference; lastKnownFileType = sourcecode.swift; path = MergeSort.swift; sourceTree = "<group>"; };
		7BAB9B492777BEC900A71ED7 /* ShakerSort.swift */ = {isa = PBXFileReference; lastKnownFileType = sourcecode.swift; path = ShakerSort.swift; sourceTree = "<group>"; };
		7BAB9B4B2777C50100A71ED7 /* QuickSort.swift */ = {isa = PBXFileReference; lastKnownFileType = sourcecode.swift; path = QuickSort.swift; sourceTree = "<group>"; };
/* End PBXFileReference section */

/* Begin PBXFrameworksBuildPhase section */
		7BAB9B222777894C00A71ED7 /* Frameworks */ = {
			isa = PBXFrameworksBuildPhase;
			buildActionMask = 2147483647;
			files = (
			);
			runOnlyForDeploymentPostprocessing = 0;
		};
/* End PBXFrameworksBuildPhase section */

/* Begin PBXGroup section */
		7BAB9B1C2777894C00A71ED7 = {
			isa = PBXGroup;
			children = (
				7BAB9B272777894C00A71ED7 /* SortingAlgorithms */,
				7BAB9B262777894C00A71ED7 /* Products */,
			);
			sourceTree = "<group>";
		};
		7BAB9B262777894C00A71ED7 /* Products */ = {
			isa = PBXGroup;
			children = (
				7BAB9B252777894C00A71ED7 /* SortingAlgorithms.app */,
			);
			name = Products;
			sourceTree = "<group>";
		};
		7BAB9B272777894C00A71ED7 /* SortingAlgorithms */ = {
			isa = PBXGroup;
			children = (
				7BAB9B3C2777896900A71ED7 /* Delegates */,
				7BAB9B3F27778B6900A71ED7 /* Extra */,
				7BAB9B3D2777898400A71ED7 /* Storyboards */,
				7BAB9B3E277789B900A71ED7 /* Controllers */,
				7BAB9B4027778B9D00A71ED7 /* Algorithms */,
			);
			path = SortingAlgorithms;
			sourceTree = "<group>";
		};
		7BAB9B3C2777896900A71ED7 /* Delegates */ = {
			isa = PBXGroup;
			children = (
				7BAB9B282777894C00A71ED7 /* AppDelegate.swift */,
				7BAB9B2A2777894C00A71ED7 /* SceneDelegate.swift */,
			);
			path = Delegates;
			sourceTree = "<group>";
		};
		7BAB9B3D2777898400A71ED7 /* Storyboards */ = {
			isa = PBXGroup;
			children = (
				7BAB9B2E2777894C00A71ED7 /* Main.storyboard */,
				7BAB9B332777895300A71ED7 /* LaunchScreen.storyboard */,
			);
			path = Storyboards;
			sourceTree = "<group>";
		};
		7BAB9B3E277789B900A71ED7 /* Controllers */ = {
			isa = PBXGroup;
			children = (
				7BAB9B2C2777894C00A71ED7 /* ViewController.swift */,
			);
			path = Controllers;
			sourceTree = "<group>";
		};
		7BAB9B3F27778B6900A71ED7 /* Extra */ = {
			isa = PBXGroup;
			children = (
				7BAB9B312777895300A71ED7 /* Assets.xcassets */,
				7BAB9B362777895300A71ED7 /* Info.plist */,
			);
			path = Extra;
			sourceTree = "<group>";
		};
		7BAB9B4027778B9D00A71ED7 /* Algorithms */ = {
			isa = PBXGroup;
			children = (
				7BAB9B4127778CF700A71ED7 /* BubbleSort.swift */,
				7BAB9B432777B6E900A71ED7 /* InsertionSort.swift */,
				7BAB9B452777B84E00A71ED7 /* SelectionSort.swift */,
				7BAB9B472777BA5C00A71ED7 /* MergeSort.swift */,
				7BAB9B492777BEC900A71ED7 /* ShakerSort.swift */,
				7BAB9B4B2777C50100A71ED7 /* QuickSort.swift */,
			);
			path = Algorithms;
			sourceTree = "<group>";
		};
/* End PBXGroup section */

/* Begin PBXNativeTarget section */
		7BAB9B242777894C00A71ED7 /* SortingAlgorithms */ = {
			isa = PBXNativeTarget;
			buildConfigurationList = 7BAB9B392777895300A71ED7 /* Build configuration list for PBXNativeTarget "SortingAlgorithms" */;
			buildPhases = (
				7BAB9B212777894C00A71ED7 /* Sources */,
				7BAB9B222777894C00A71ED7 /* Frameworks */,
				7BAB9B232777894C00A71ED7 /* Resources */,
			);
			buildRules = (
			);
			dependencies = (
			);
			name = SortingAlgorithms;
			productName = SortingAlgorithms;
			productReference = 7BAB9B252777894C00A71ED7 /* SortingAlgorithms.app */;
			productType = "com.apple.product-type.application";
		};
/* End PBXNativeTarget section */

/* Begin PBXProject section */
		7BAB9B1D2777894C00A71ED7 /* Project object */ = {
			isa = PBXProject;
			attributes = {
				BuildIndependentTargetsInParallel = 1;
				LastSwiftUpdateCheck = 1300;
				LastUpgradeCheck = 1300;
				TargetAttributes = {
					7BAB9B242777894C00A71ED7 = {
						CreatedOnToolsVersion = 13.0;
					};
				};
			};
			buildConfigurationList = 7BAB9B202777894C00A71ED7 /* Build configuration list for PBXProject "SortingAlgorithms" */;
			compatibilityVersion = "Xcode 13.0";
			developmentRegion = en;
			hasScannedForEncodings = 0;
			knownRegions = (
				en,
				Base,
			);
			mainGroup = 7BAB9B1C2777894C00A71ED7;
			productRefGroup = 7BAB9B262777894C00A71ED7 /* Products */;
			projectDirPath = "";
			projectRoot = "";
			targets = (
				7BAB9B242777894C00A71ED7 /* SortingAlgorithms */,
			);
		};
/* End PBXProject section */

/* Begin PBXResourcesBuildPhase section */
		7BAB9B232777894C00A71ED7 /* Resources */ = {
			isa = PBXResourcesBuildPhase;
			buildActionMask = 2147483647;
			files = (
				7BAB9B352777895300A71ED7 /* LaunchScreen.storyboard in Resources */,
				7BAB9B322777895300A71ED7 /* Assets.xcassets in Resources */,
				7BAB9B302777894C00A71ED7 /* Main.storyboard in Resources */,
			);
			runOnlyForDeploymentPostprocessing = 0;
		};
/* End PBXResourcesBuildPhase section */

/* Begin PBXSourcesBuildPhase section */
		7BAB9B212777894C00A71ED7 /* Sources */ = {
			isa = PBXSourcesBuildPhase;
			buildActionMask = 2147483647;
			files = (
				7BAB9B2D2777894C00A71ED7 /* ViewController.swift in Sources */,
				7BAB9B4A2777BEC900A71ED7 /* ShakerSort.swift in Sources */,
				7BAB9B442777B6E900A71ED7 /* InsertionSort.swift in Sources */,
				7BAB9B292777894C00A71ED7 /* AppDelegate.swift in Sources */,
				7BAB9B4C2777C50100A71ED7 /* QuickSort.swift in Sources */,
				7BAB9B2B2777894C00A71ED7 /* SceneDelegate.swift in Sources */,
				7BAB9B482777BA5C00A71ED7 /* MergeSort.swift in Sources */,
				7BAB9B462777B84E00A71ED7 /* SelectionSort.swift in Sources */,
				7BAB9B4227778CF700A71ED7 /* BubbleSort.swift in Sources */,
			);
			runOnlyForDeploymentPostprocessing = 0;
		};
/* End PBXSourcesBuildPhase section */

/* Begin PBXVariantGroup section */
		7BAB9B2E2777894C00A71ED7 /* Main.storyboard */ = {
			isa = PBXVariantGroup;
			children = (
				7BAB9B2F2777894C00A71ED7 /* Base */,
			);
			name = Main.storyboard;
			sourceTree = "<group>";
		};
		7BAB9B332777895300A71ED7 /* LaunchScreen.storyboard */ = {
			isa = PBXVariantGroup;
			children = (
				7BAB9B342777895300A71ED7 /* Base */,
			);
			name = LaunchScreen.storyboard;
			sourceTree = "<group>";
		};
/* End PBXVariantGroup section */

/* Begin XCBuildConfiguration section */
		7BAB9B372777895300A71ED7 /* Debug */ = {
			isa = XCBuildConfiguration;
			buildSettings = {
				ALWAYS_SEARCH_USER_PATHS = NO;
				CLANG_ANALYZER_NONNULL = YES;
				CLANG_ANALYZER_NUMBER_OBJECT_CONVERSION = YES_AGGRESSIVE;
				CLANG_CXX_LANGUAGE_STANDARD = "gnu++17";
				CLANG_CXX_LIBRARY = "libc++";
				CLANG_ENABLE_MODULES = YES;
				CLANG_ENABLE_OBJC_ARC = YES;
				CLANG_ENABLE_OBJC_WEAK = YES;
				CLANG_WARN_BLOCK_CAPTURE_AUTORELEASING = YES;
				CLANG_WARN_BOOL_CONVERSION = YES;
				CLANG_WARN_COMMA = YES;
				CLANG_WARN_CONSTANT_CONVERSION = YES;
				CLANG_WARN_DEPRECATED_OBJC_IMPLEMENTATIONS = YES;
				CLANG_WARN_DIRECT_OBJC_ISA_USAGE = YES_ERROR;
				CLANG_WARN_DOCUMENTATION_COMMENTS = YES;
				CLANG_WARN_EMPTY_BODY = YES;
				CLANG_WARN_ENUM_CONVERSION = YES;
				CLANG_WARN_INFINITE_RECURSION = YES;
				CLANG_WARN_INT_CONVERSION = YES;
				CLANG_WARN_NON_LITERAL_NULL_CONVERSION = YES;
				CLANG_WARN_OBJC_IMPLICIT_RETAIN_SELF = YES;
				CLANG_WARN_OBJC_LITERAL_CONVERSION = YES;
				CLANG_WARN_OBJC_ROOT_CLASS = YES_ERROR;
				CLANG_WARN_QUOTED_INCLUDE_IN_FRAMEWORK_HEADER = YES;
				CLANG_WARN_RANGE_LOOP_ANALYSIS = YES;
				CLANG_WARN_STRICT_PROTOTYPES = YES;
				CLANG_WARN_SUSPICIOUS_MOVE = YES;
				CLANG_WARN_UNGUARDED_AVAILABILITY = YES_AGGRESSIVE;
				CLANG_WARN_UNREACHABLE_CODE = YES;
				CLANG_WARN__DUPLICATE_METHOD_MATCH = YES;
				COPY_PHASE_STRIP = NO;
				DEBUG_INFORMATION_FORMAT = dwarf;
				ENABLE_STRICT_OBJC_MSGSEND = YES;
				ENABLE_TESTABILITY = YES;
				GCC_C_LANGUAGE_STANDARD = gnu11;
				GCC_DYNAMIC_NO_PIC = NO;
				GCC_NO_COMMON_BLOCKS = YES;
				GCC_OPTIMIZATION_LEVEL = 0;
				GCC_PREPROCESSOR_DEFINITIONS = (
					"DEBUG=1",
					"$(inherited)",
				);
				GCC_WARN_64_TO_32_BIT_CONVERSION = YES;
				GCC_WARN_ABOUT_RETURN_TYPE = YES_ERROR;
				GCC_WARN_UNDECLARED_SELECTOR = YES;
				GCC_WARN_UNINITIALIZED_AUTOS = YES_AGGRESSIVE;
				GCC_WARN_UNUSED_FUNCTION = YES;
				GCC_WARN_UNUSED_VARIABLE = YES;
				IPHONEOS_DEPLOYMENT_TARGET = 15.0;
				MTL_ENABLE_DEBUG_INFO = INCLUDE_SOURCE;
				MTL_FAST_MATH = YES;
				ONLY_ACTIVE_ARCH = YES;
				SDKROOT = iphoneos;
				SWIFT_ACTIVE_COMPILATION_CONDITIONS = DEBUG;
				SWIFT_OPTIMIZATION_LEVEL = "-Onone";
			};
			name = Debug;
		};
		7BAB9B382777895300A71ED7 /* Release */ = {
			isa = XCBuildConfiguration;
			buildSettings = {
				ALWAYS_SEARCH_USER_PATHS = NO;
				CLANG_ANALYZER_NONNULL = YES;
				CLANG_ANALYZER_NUMBER_OBJECT_CONVERSION = YES_AGGRESSIVE;
				CLANG_CXX_LANGUAGE_STANDARD = "gnu++17";
				CLANG_CXX_LIBRARY = "libc++";
				CLANG_ENABLE_MODULES = YES;
				CLANG_ENABLE_OBJC_ARC = YES;
				CLANG_ENABLE_OBJC_WEAK = YES;
				CLANG_WARN_BLOCK_CAPTURE_AUTORELEASING = YES;
				CLANG_WARN_BOOL_CONVERSION = YES;
				CLANG_WARN_COMMA = YES;
				CLANG_WARN_CONSTANT_CONVERSION = YES;
				CLANG_WARN_DEPRECATED_OBJC_IMPLEMENTATIONS = YES;
				CLANG_WARN_DIRECT_OBJC_ISA_USAGE = YES_ERROR;
				CLANG_WARN_DOCUMENTATION_COMMENTS = YES;
				CLANG_WARN_EMPTY_BODY = YES;
				CLANG_WARN_ENUM_CONVERSION = YES;
				CLANG_WARN_INFINITE_RECURSION = YES;
				CLANG_WARN_INT_CONVERSION = YES;
				CLANG_WARN_NON_LITERAL_NULL_CONVERSION = YES;
				CLANG_WARN_OBJC_IMPLICIT_RETAIN_SELF = YES;
				CLANG_WARN_OBJC_LITERAL_CONVERSION = YES;
				CLANG_WARN_OBJC_ROOT_CLASS = YES_ERROR;
				CLANG_WARN_QUOTED_INCLUDE_IN_FRAMEWORK_HEADER = YES;
				CLANG_WARN_RANGE_LOOP_ANALYSIS = YES;
				CLANG_WARN_STRICT_PROTOTYPES = YES;
				CLANG_WARN_SUSPICIOUS_MOVE = YES;
				CLANG_WARN_UNGUARDED_AVAILABILITY = YES_AGGRESSIVE;
				CLANG_WARN_UNREACHABLE_CODE = YES;
				CLANG_WARN__DUPLICATE_METHOD_MATCH = YES;
				COPY_PHASE_STRIP = NO;
				DEBUG_INFORMATION_FORMAT = "dwarf-with-dsym";
				ENABLE_NS_ASSERTIONS = NO;
				ENABLE_STRICT_OBJC_MSGSEND = YES;
				GCC_C_LANGUAGE_STANDARD = gnu11;
				GCC_NO_COMMON_BLOCKS = YES;
				GCC_WARN_64_TO_32_BIT_CONVERSION = YES;
				GCC_WARN_ABOUT_RETURN_TYPE = YES_ERROR;
				GCC_WARN_UNDECLARED_SELECTOR = YES;
				GCC_WARN_UNINITIALIZED_AUTOS = YES_AGGRESSIVE;
				GCC_WARN_UNUSED_FUNCTION = YES;
				GCC_WARN_UNUSED_VARIABLE = YES;
				IPHONEOS_DEPLOYMENT_TARGET = 15.0;
				MTL_ENABLE_DEBUG_INFO = NO;
				MTL_FAST_MATH = YES;
				SDKROOT = iphoneos;
				SWIFT_COMPILATION_MODE = wholemodule;
				SWIFT_OPTIMIZATION_LEVEL = "-O";
				VALIDATE_PRODUCT = YES;
			};
			name = Release;
		};
		7BAB9B3A2777895300A71ED7 /* Debug */ = {
			isa = XCBuildConfiguration;
			buildSettings = {
				ASSETCATALOG_COMPILER_APPICON_NAME = AppIcon;
				ASSETCATALOG_COMPILER_GLOBAL_ACCENT_COLOR_NAME = AccentColor;
				CODE_SIGN_STYLE = Automatic;
				CURRENT_PROJECT_VERSION = 1;
				DEVELOPMENT_TEAM = K3BWCY8G6P;
				GENERATE_INFOPLIST_FILE = YES;
				INFOPLIST_FILE = SortingAlgorithms/Extra/Info.plist;
				INFOPLIST_KEY_UIApplicationSupportsIndirectInputEvents = YES;
				INFOPLIST_KEY_UILaunchStoryboardName = LaunchScreen;
				INFOPLIST_KEY_UIMainStoryboardFile = Main;
				INFOPLIST_KEY_UISupportedInterfaceOrientations_iPad = "UIInterfaceOrientationPortrait UIInterfaceOrientationPortraitUpsideDown UIInterfaceOrientationLandscapeLeft UIInterfaceOrientationLandscapeRight";
				INFOPLIST_KEY_UISupportedInterfaceOrientations_iPhone = "UIInterfaceOrientationPortrait UIInterfaceOrientationLandscapeLeft UIInterfaceOrientationLandscapeRight";
				LD_RUNPATH_SEARCH_PATHS = (
					"$(inherited)",
					"@executable_path/Frameworks",
				);
				MARKETING_VERSION = 1.0;
				PRODUCT_BUNDLE_IDENTIFIER = ru.aleksandrnskn.SortingAlgorithms;
				PRODUCT_NAME = "$(TARGET_NAME)";
				SWIFT_EMIT_LOC_STRINGS = YES;
				SWIFT_VERSION = 5.0;
				TARGETED_DEVICE_FAMILY = "1,2";
			};
			name = Debug;
		};
		7BAB9B3B2777895300A71ED7 /* Release */ = {
			isa = XCBuildConfiguration;
			buildSettings = {
				ASSETCATALOG_COMPILER_APPICON_NAME = AppIcon;
				ASSETCATALOG_COMPILER_GLOBAL_ACCENT_COLOR_NAME = AccentColor;
				CODE_SIGN_STYLE = Automatic;
				CURRENT_PROJECT_VERSION = 1;
				DEVELOPMENT_TEAM = K3BWCY8G6P;
				GENERATE_INFOPLIST_FILE = YES;
				INFOPLIST_FILE = SortingAlgorithms/Extra/Info.plist;
				INFOPLIST_KEY_UIApplicationSupportsIndirectInputEvents = YES;
				INFOPLIST_KEY_UILaunchStoryboardName = LaunchScreen;
				INFOPLIST_KEY_UIMainStoryboardFile = Main;
				INFOPLIST_KEY_UISupportedInterfaceOrientations_iPad = "UIInterfaceOrientationPortrait UIInterfaceOrientationPortraitUpsideDown UIInterfaceOrientationLandscapeLeft UIInterfaceOrientationLandscapeRight";
				INFOPLIST_KEY_UISupportedInterfaceOrientations_iPhone = "UIInterfaceOrientationPortrait UIInterfaceOrientationLandscapeLeft UIInterfaceOrientationLandscapeRight";
				LD_RUNPATH_SEARCH_PATHS = (
					"$(inherited)",
					"@executable_path/Frameworks",
				);
				MARKETING_VERSION = 1.0;
				PRODUCT_BUNDLE_IDENTIFIER = ru.aleksandrnskn.SortingAlgorithms;
				PRODUCT_NAME = "$(TARGET_NAME)";
				SWIFT_EMIT_LOC_STRINGS = YES;
				SWIFT_VERSION = 5.0;
				TARGETED_DEVICE_FAMILY = "1,2";
			};
			name = Release;
		};
/* End XCBuildConfiguration section */

/* Begin XCConfigurationList section */
		7BAB9B202777894C00A71ED7 /* Build configuration list for PBXProject "SortingAlgorithms" */ = {
			isa = XCConfigurationList;
			buildConfigurations = (
				7BAB9B372777895300A71ED7 /* Debug */,
				7BAB9B382777895300A71ED7 /* Release */,
			);
			defaultConfigurationIsVisible = 0;
			defaultConfigurationName = Release;
		};
		7BAB9B392777895300A71ED7 /* Build configuration list for PBXNativeTarget "SortingAlgorithms" */ = {
			isa = XCConfigurationList;
			buildConfigurations = (
				7BAB9B3A2777895300A71ED7 /* Debug */,
				7BAB9B3B2777895300A71ED7 /* Release */,
			);
			defaultConfigurationIsVisible = 0;
			defaultConfigurationName = Release;
		};
/* End XCConfigurationList section */
	};
	rootObject = 7BAB9B1D2777894C00A71ED7 /* Project object */;
}
